
Microsoft Visual Studio Solution File, Format Version 12.00
# Visual Studio 15
VisualStudioVersion = 15.0.27004.2010
MinimumVisualStudioVersion = 10.0.40219.1
Project("{FAE04EC0-301F-11D3-BF4B-00C04F79EFBC}") = "NegocioBD", "Negocio\NegocioBD.csproj", "{79153AD8-5CDA-4EA0-ABAC-A36B7451856F}"
EndProject
Project("{FAE04EC0-301F-11D3-BF4B-00C04F79EFBC}") = "Services", "Services\Services.csproj", "{80D38E04-B7A2-4DEF-AB40-935C1D0F09C5}"
EndProject
Project("{FAE04EC0-301F-11D3-BF4B-00C04F79EFBC}") = "Presentation", "Presentation\Presentation.csproj", "{1CBC845E-9604-426D-8D13-378EC64643FC}"
EndProject
Global
	GlobalSection(SolutionConfigurationPlatforms) = preSolution
		Debug|Any CPU = Debug|Any CPU
		Release|Any CPU = Release|Any CPU
	EndGlobalSection
	GlobalSection(ProjectConfigurationPlatforms) = postSolution
		{79153AD8-5CDA-4EA0-ABAC-A36B7451856F}.Debug|Any CPU.ActiveCfg = Debug|Any CPU
		{79153AD8-5CDA-4EA0-ABAC-A36B7451856F}.Debug|Any CPU.Build.0 = Debug|Any CPU
		{79153AD8-5CDA-4EA0-ABAC-A36B7451856F}.Release|Any CPU.ActiveCfg = Release|Any CPU
		{79153AD8-5CDA-4EA0-ABAC-A36B7451856F}.Release|Any CPU.Build.0 = Release|Any CPU
		{80D38E04-B7A2-4DEF-AB40-935C1D0F09C5}.Debug|Any CPU.ActiveCfg = Debug|Any CPU
		{80D38E04-B7A2-4DEF-AB40-935C1D0F09C5}.Debug|Any CPU.Build.0 = Debug|Any CPU
		{80D38E04-B7A2-4DEF-AB40-935C1D0F09C5}.Release|Any CPU.ActiveCfg = Release|Any CPU
		{80D38E04-B7A2-4DEF-AB40-935C1D0F09C5}.Release|Any CPU.Build.0 = Release|Any CPU
		{1CBC845E-9604-426D-8D13-378EC64643FC}.Debug|Any CPU.ActiveCfg = Debug|Any CPU
		{1CBC845E-9604-426D-8D13-378EC64643FC}.Debug|Any CPU.Build.0 = Debug|Any CPU
		{1CBC845E-9604-426D-8D13-378EC64643FC}.Release|Any CPU.ActiveCfg = Release|Any CPU
		{1CBC845E-9604-426D-8D13-378EC64643FC}.Release|Any CPU.Build.0 = Release|Any CPU
	EndGlobalSection
	GlobalSection(SolutionProperties) = preSolution
		HideSolutionNode = FALSE
	EndGlobalSection
	GlobalSection(ExtensibilityGlobals) = postSolution
		SolutionGuid = {ACA86FB6-4584-480B-91FD-836417B7CADB}
	EndGlobalSection
EndGlobal
